{
  "name": "WalletPassCreator",
  "lockfileVersion": 2,
  "requires": true,
  "packages": {
    "": {
      "dependencies": {
        "@walletpass/pass-js": "^6.9.1",
        "date-fns": "^2.28.0",
        "dotenv": "^16.0.0"
      }
    },
    "node_modules/@walletpass/pass-js": {
      "version": "6.9.1",
      "resolved": "https://registry.npmjs.org/@walletpass/pass-js/-/pass-js-6.9.1.tgz",
      "integrity": "sha512-duiQf8b9uC3bK/uy+xFbAFDjoXdlk82QjdHAsctdMuP/YUNRYl7vXmyxnOOIW2/PzKpGy645wVC7jexEL5TGOg==",
      "dependencies": {
        "buffer-crc32": "0.2.13",
        "color-name": "1.1.4",
        "do-not-zip": "1.0.0",
        "event-iterator": "1.2.0",
        "imagesize": "1.0.0",
        "node-forge": "0.9.1",
        "strip-json-comments": "3.1.0",
        "yauzl": "2.10.0"
      },
      "bin": {
        "passkit-keys": "bin/passkit-keys"
      },
      "engines": {
        "node": ">=10.10"
      },
      "funding": {
        "type": "opencollective",
        "url": "https://opencollective.com/walletpass"
      }
    },
    "node_modules/buffer-crc32": {
      "version": "0.2.13",
      "resolved": "https://registry.npmjs.org/buffer-crc32/-/buffer-crc32-0.2.13.tgz",
      "integrity": "sha1-DTM+PwDqxQqhRUq9MO+MKl2ackI=",
      "engines": {
        "node": "*"
      }
    },
    "node_modules/color-name": {
      "version": "1.1.4",
      "resolved": "https://registry.npmjs.org/color-name/-/color-name-1.1.4.tgz",
      "integrity": "sha512-dOy+3AuW3a2wNbZHIuMZpTcgjGuLU/uBL/ubcZF9OXbDo8ff4O8yVp5Bf0efS8uEoYo5q4Fx7dY9OgQGXgAsQA=="
    },
    "node_modules/date-fns": {
      "version": "2.28.0",
      "resolved": "https://registry.npmjs.org/date-fns/-/date-fns-2.28.0.tgz",
      "integrity": "sha512-8d35hViGYx/QH0icHYCeLmsLmMUheMmTyV9Fcm6gvNwdw31yXXH+O85sOBJ+OLnLQMKZowvpKb6FgMIQjcpvQw==",
      "engines": {
        "node": ">=0.11"
      },
      "funding": {
        "type": "opencollective",
        "url": "https://opencollective.com/date-fns"
      }
    },
    "node_modules/do-not-zip": {
      "version": "1.0.0",
      "resolved": "https://registry.npmjs.org/do-not-zip/-/do-not-zip-1.0.0.tgz",
      "integrity": "sha512-Pgd81ET43bhAGaN2Hq1zluSX1FmD7kl7KcV9ER/lawiLsRUB9pRA5y8r6us29Xk6BrINZETO8TjhYwtwafWUww=="
    },
    "node_modules/dotenv": {
      "version": "16.0.0",
      "resolved": "https://registry.npmjs.org/dotenv/-/dotenv-16.0.0.tgz",
      "integrity": "sha512-qD9WU0MPM4SWLPJy/r2Be+2WgQj8plChsyrCNQzW/0WjvcJQiKQJ9mH3ZgB3fxbUUxgc/11ZJ0Fi5KiimWGz2Q==",
      "engines": {
        "node": ">=12"
      }
    },
    "node_modules/event-iterator": {
      "version": "1.2.0",
      "resolved": "https://registry.npmjs.org/event-iterator/-/event-iterator-1.2.0.tgz",
      "integrity": "sha512-Daq7YUl0Mv1i4QEgzGQlz0jrx7hUFNyLGbiF+Ap7NCMCjDLCCnolyj6s0TAc6HmrBziO5rNVHsPwGMp7KdRPvw=="
    },
    "node_modules/fd-slicer": {
      "version": "1.1.0",
      "resolved": "https://registry.npmjs.org/fd-slicer/-/fd-slicer-1.1.0.tgz",
      "integrity": "sha1-JcfInLH5B3+IkbvmHY85Dq4lbx4=",
      "dependencies": {
        "pend": "~1.2.0"
      }
    },
    "node_modules/imagesize": {
      "version": "1.0.0",
      "resolved": "https://registry.npmjs.org/imagesize/-/imagesize-1.0.0.tgz",
      "integrity": "sha1-2xYdFb8YKjbVbhmrrRB5PDLDTDA="
    },
    "node_modules/node-forge": {
      "version": "0.9.1",
      "resolved": "https://registry.npmjs.org/node-forge/-/node-forge-0.9.1.tgz",
      "integrity": "sha512-G6RlQt5Sb4GMBzXvhfkeFmbqR6MzhtnT7VTHuLadjkii3rdYHNdw0m8zA4BTxVIh68FicCQ2NSUANpsqkr9jvQ==",
      "engines": {
        "node": ">= 4.5.0"
      }
    },
    "node_modules/pend": {
      "version": "1.2.0",
      "resolved": "https://registry.npmjs.org/pend/-/pend-1.2.0.tgz",
      "integrity": "sha1-elfrVQpng/kRUzH89GY9XI4AelA="
    },
    "node_modules/strip-json-comments": {
      "version": "3.1.0",
      "resolved": "https://registry.npmjs.org/strip-json-comments/-/strip-json-comments-3.1.0.tgz",
      "integrity": "sha512-e6/d0eBu7gHtdCqFt0xJr642LdToM5/cN4Qb9DbHjVx1CP5RyeM+zH7pbecEmDv/lBqb0QH+6Uqq75rxFPkM0w==",
      "engines": {
        "node": ">=8"
      }
    },
    "node_modules/yauzl": {
      "version": "2.10.0",
      "resolved": "https://registry.npmjs.org/yauzl/-/yauzl-2.10.0.tgz",
      "integrity": "sha1-x+sXyT4RLLEIb6bY5R+wZnt5pfk=",
      "dependencies": {
        "buffer-crc32": "~0.2.3",
        "fd-slicer": "~1.1.0"
      }
    }
  },
  "dependencies": {
    "@walletpass/pass-js": {
      "version": "6.9.1",
      "resolved": "https://registry.npmjs.org/@walletpass/pass-js/-/pass-js-6.9.1.tgz",
      "integrity": "sha512-duiQf8b9uC3bK/uy+xFbAFDjoXdlk82QjdHAsctdMuP/YUNRYl7vXmyxnOOIW2/PzKpGy645wVC7jexEL5TGOg==",
      "requires": {
        "buffer-crc32": "0.2.13",
        "color-name": "1.1.4",
        "do-not-zip": "1.0.0",
        "event-iterator": "1.2.0",
        "imagesize": "1.0.0",
        "node-forge": "0.9.1",
        "strip-json-comments": "3.1.0",
        "yauzl": "2.10.0"
      }
    },
    "buffer-crc32": {
      "version": "0.2.13",
      "resolved": "https://registry.npmjs.org/buffer-crc32/-/buffer-crc32-0.2.13.tgz",
      "integrity": "sha1-DTM+PwDqxQqhRUq9MO+MKl2ackI="
    },
    "color-name": {
      "version": "1.1.4",
      "resolved": "https://registry.npmjs.org/color-name/-/color-name-1.1.4.tgz",
      "integrity": "sha512-dOy+3AuW3a2wNbZHIuMZpTcgjGuLU/uBL/ubcZF9OXbDo8ff4O8yVp5Bf0efS8uEoYo5q4Fx7dY9OgQGXgAsQA=="
    },
    "date-fns": {
      "version": "2.28.0",
      "resolved": "https://registry.npmjs.org/date-fns/-/date-fns-2.28.0.tgz",
      "integrity": "sha512-8d35hViGYx/QH0icHYCeLmsLmMUheMmTyV9Fcm6gvNwdw31yXXH+O85sOBJ+OLnLQMKZowvpKb6FgMIQjcpvQw=="
    },
    "do-not-zip": {
      "version": "1.0.0",
      "resolved": "https://registry.npmjs.org/do-not-zip/-/do-not-zip-1.0.0.tgz",
      "integrity": "sha512-Pgd81ET43bhAGaN2Hq1zluSX1FmD7kl7KcV9ER/lawiLsRUB9pRA5y8r6us29Xk6BrINZETO8TjhYwtwafWUww=="
    },
    "dotenv": {
      "version": "16.0.0",
      "resolved": "https://registry.npmjs.org/dotenv/-/dotenv-16.0.0.tgz",
      "integrity": "sha512-qD9WU0MPM4SWLPJy/r2Be+2WgQj8plChsyrCNQzW/0WjvcJQiKQJ9mH3ZgB3fxbUUxgc/11ZJ0Fi5KiimWGz2Q=="
    },
    "event-iterator": {
      "version": "1.2.0",
      "resolved": "https://registry.npmjs.org/event-iterator/-/event-iterator-1.2.0.tgz",
      "integrity": "sha512-Daq7YUl0Mv1i4QEgzGQlz0jrx7hUFNyLGbiF+Ap7NCMCjDLCCnolyj6s0TAc6HmrBziO5rNVHsPwGMp7KdRPvw=="
    },
    "fd-slicer": {
      "version": "1.1.0",
      "resolved": "https://registry.npmjs.org/fd-slicer/-/fd-slicer-1.1.0.tgz",
      "integrity": "sha1-JcfInLH5B3+IkbvmHY85Dq4lbx4=",
      "requires": {
        "pend": "~1.2.0"
      }
    },
    "imagesize": {
      "version": "1.0.0",
      "resolved": "https://registry.npmjs.org/imagesize/-/imagesize-1.0.0.tgz",
      "integrity": "sha1-2xYdFb8YKjbVbhmrrRB5PDLDTDA="
    },
    "node-forge": {
      "version": "0.9.1",
      "resolved": "https://registry.npmjs.org/node-forge/-/node-forge-0.9.1.tgz",
      "integrity": "sha512-G6RlQt5Sb4GMBzXvhfkeFmbqR6MzhtnT7VTHuLadjkii3rdYHNdw0m8zA4BTxVIh68FicCQ2NSUANpsqkr9jvQ=="
    },
    "pend": {
      "version": "1.2.0",
      "resolved": "https://registry.npmjs.org/pend/-/pend-1.2.0.tgz",
      "integrity": "sha1-elfrVQpng/kRUzH89GY9XI4AelA="
    },
    "strip-json-comments": {
      "version": "3.1.0",
      "resolved": "https://registry.npmjs.org/strip-json-comments/-/strip-json-comments-3.1.0.tgz",
      "integrity": "sha512-e6/d0eBu7gHtdCqFt0xJr642LdToM5/cN4Qb9DbHjVx1CP5RyeM+zH7pbecEmDv/lBqb0QH+6Uqq75rxFPkM0w=="
    },
    "yauzl": {
      "version": "2.10.0",
      "resolved": "https://registry.npmjs.org/yauzl/-/yauzl-2.10.0.tgz",
      "integrity": "sha1-x+sXyT4RLLEIb6bY5R+wZnt5pfk=",
      "requires": {
        "buffer-crc32": "~0.2.3",
        "fd-slicer": "~1.1.0"
      }
    }
  }
}
